
Microsoft Visual Studio Solution File, Format Version 12.00
# Visual Studio Version 17
VisualStudioVersion = 17.3.32825.248
MinimumVisualStudioVersion = 10.0.40219.1
Project("{2150E333-8FDC-42A3-9474-1A3956D46DE8}") = "Services", "Services", "{70B0DEC2-3433-4EE3-8811-8C23CB97D23E}"
EndProject
Project("{2150E333-8FDC-42A3-9474-1A3956D46DE8}") = "Catalog", "Catalog", "{7BDADF43-069F-4FF8-AAC6-9937D60B6871}"
EndProject
Project("{9A19103F-16F7-4668-BE54-9A1E7A4F7556}") = "Catalog.API", "Services\Catalog\Catalog.API\Catalog.API.csproj", "{65A85586-803C-4584-8E94-0121B1F8E41B}"
EndProject
Project("{E53339B2-1760-4266-BCC7-CA923CBCF16C}") = "docker-compose", "docker-compose.dcproj", "{CC0093BE-6A70-4C46-8B90-C4B59160911E}"
EndProject
Project("{2150E333-8FDC-42A3-9474-1A3956D46DE8}") = "Basket", "Basket", "{1153548B-9099-4F00-94C8-321AFB5C3E45}"
EndProject
Project("{9A19103F-16F7-4668-BE54-9A1E7A4F7556}") = "Basket.API", "Services\Basket\Basket.API\Basket.API.csproj", "{F3560B19-92DA-4F05-B40C-FA5F44AB5793}"
EndProject
Project("{2150E333-8FDC-42A3-9474-1A3956D46DE8}") = "Discount", "Discount", "{EB238E2A-9067-4995-B9A0-7459F69994BF}"
EndProject
Project("{FAE04EC0-301F-11D3-BF4B-00C04F79EFBC}") = "Discount.API", "Services\Discount\Discount.API\Discount.API.csproj", "{0216DA7D-BCC5-4AEE-B280-E82CD4435D25}"
EndProject
Global
	GlobalSection(SolutionConfigurationPlatforms) = preSolution
		Debug|Any CPU = Debug|Any CPU
		Release|Any CPU = Release|Any CPU
	EndGlobalSection
	GlobalSection(ProjectConfigurationPlatforms) = postSolution
		{65A85586-803C-4584-8E94-0121B1F8E41B}.Debug|Any CPU.ActiveCfg = Debug|Any CPU
		{65A85586-803C-4584-8E94-0121B1F8E41B}.Debug|Any CPU.Build.0 = Debug|Any CPU
		{65A85586-803C-4584-8E94-0121B1F8E41B}.Release|Any CPU.ActiveCfg = Release|Any CPU
		{65A85586-803C-4584-8E94-0121B1F8E41B}.Release|Any CPU.Build.0 = Release|Any CPU
		{CC0093BE-6A70-4C46-8B90-C4B59160911E}.Debug|Any CPU.ActiveCfg = Debug|Any CPU
		{CC0093BE-6A70-4C46-8B90-C4B59160911E}.Debug|Any CPU.Build.0 = Debug|Any CPU
		{CC0093BE-6A70-4C46-8B90-C4B59160911E}.Release|Any CPU.ActiveCfg = Release|Any CPU
		{CC0093BE-6A70-4C46-8B90-C4B59160911E}.Release|Any CPU.Build.0 = Release|Any CPU
		{F3560B19-92DA-4F05-B40C-FA5F44AB5793}.Debug|Any CPU.ActiveCfg = Debug|Any CPU
		{F3560B19-92DA-4F05-B40C-FA5F44AB5793}.Debug|Any CPU.Build.0 = Debug|Any CPU
		{F3560B19-92DA-4F05-B40C-FA5F44AB5793}.Release|Any CPU.ActiveCfg = Release|Any CPU
		{F3560B19-92DA-4F05-B40C-FA5F44AB5793}.Release|Any CPU.Build.0 = Release|Any CPU
		{0216DA7D-BCC5-4AEE-B280-E82CD4435D25}.Debug|Any CPU.ActiveCfg = Debug|Any CPU
		{0216DA7D-BCC5-4AEE-B280-E82CD4435D25}.Debug|Any CPU.Build.0 = Debug|Any CPU
		{0216DA7D-BCC5-4AEE-B280-E82CD4435D25}.Release|Any CPU.ActiveCfg = Release|Any CPU
		{0216DA7D-BCC5-4AEE-B280-E82CD4435D25}.Release|Any CPU.Build.0 = Release|Any CPU
	EndGlobalSection
	GlobalSection(SolutionProperties) = preSolution
		HideSolutionNode = FALSE
	EndGlobalSection
	GlobalSection(NestedProjects) = preSolution
		{7BDADF43-069F-4FF8-AAC6-9937D60B6871} = {70B0DEC2-3433-4EE3-8811-8C23CB97D23E}
		{65A85586-803C-4584-8E94-0121B1F8E41B} = {7BDADF43-069F-4FF8-AAC6-9937D60B6871}
		{1153548B-9099-4F00-94C8-321AFB5C3E45} = {70B0DEC2-3433-4EE3-8811-8C23CB97D23E}
		{F3560B19-92DA-4F05-B40C-FA5F44AB5793} = {1153548B-9099-4F00-94C8-321AFB5C3E45}
		{EB238E2A-9067-4995-B9A0-7459F69994BF} = {70B0DEC2-3433-4EE3-8811-8C23CB97D23E}
		{0216DA7D-BCC5-4AEE-B280-E82CD4435D25} = {EB238E2A-9067-4995-B9A0-7459F69994BF}
	EndGlobalSection
	GlobalSection(ExtensibilityGlobals) = postSolution
		SolutionGuid = {5B0E21C1-59B8-4C28-83FB-CEACB2996D68}
	EndGlobalSection
EndGlobal
